// !$*UTF8*$!
{
	archiveVersion = 1;
	classes = {
	};
	objectVersion = 50;
	objects = {

/* Begin PBXBuildFile section */
		D3158FD323F301030063D73F /* UserInfoVC.swift in Sources */ = {isa = PBXBuildFile; fileRef = D3158FD223F301030063D73F /* UserInfoVC.swift */; };
		D35B6A6B23F09F8F004C42D4 /* Follower.swift in Sources */ = {isa = PBXBuildFile; fileRef = D35B6A6A23F09F8F004C42D4 /* Follower.swift */; };
		D35B6A6D23F0A0B0004C42D4 /* User.swift in Sources */ = {isa = PBXBuildFile; fileRef = D35B6A6C23F0A0B0004C42D4 /* User.swift */; };
		D35B6A7023F0A515004C42D4 /* NetworkManager.swift in Sources */ = {isa = PBXBuildFile; fileRef = D35B6A6F23F0A515004C42D4 /* NetworkManager.swift */; };
		D35B6A7323F0ADE3004C42D4 /* GFError.swift in Sources */ = {isa = PBXBuildFile; fileRef = D35B6A7223F0ADE3004C42D4 /* GFError.swift */; };
		D35B6A7623F0B3A5004C42D4 /* FollowerCell.swift in Sources */ = {isa = PBXBuildFile; fileRef = D35B6A7523F0B3A5004C42D4 /* FollowerCell.swift */; };
		D35B6A7823F0B419004C42D4 /* GFAvatarImageView.swift in Sources */ = {isa = PBXBuildFile; fileRef = D35B6A7723F0B419004C42D4 /* GFAvatarImageView.swift */; };
		D35B6A7A23F112F4004C42D4 /* UIHelper.swift in Sources */ = {isa = PBXBuildFile; fileRef = D35B6A7923F112F4004C42D4 /* UIHelper.swift */; };
		D35B6A8223F1B1A1004C42D4 /* GFEmptyStateView.swift in Sources */ = {isa = PBXBuildFile; fileRef = D35B6A8123F1B1A1004C42D4 /* GFEmptyStateView.swift */; };
		D38BF0E123F3B5EA006116A8 /* GFUserInfoHeaderVC.swift in Sources */ = {isa = PBXBuildFile; fileRef = D38BF0E023F3B5EA006116A8 /* GFUserInfoHeaderVC.swift */; };
		D38BF0E323F3B648006116A8 /* GFSecondaryTitleLabel.swift in Sources */ = {isa = PBXBuildFile; fileRef = D38BF0E223F3B648006116A8 /* GFSecondaryTitleLabel.swift */; };
		D38BF0E523F3BDA8006116A8 /* Constants.swift in Sources */ = {isa = PBXBuildFile; fileRef = D38BF0E423F3BDA8006116A8 /* Constants.swift */; };
		D38BF0E723F450B8006116A8 /* GFItemInfoView.swift in Sources */ = {isa = PBXBuildFile; fileRef = D38BF0E623F450B8006116A8 /* GFItemInfoView.swift */; };
		D39CE0DE23ED327200D7C2A2 /* SearchVC.swift in Sources */ = {isa = PBXBuildFile; fileRef = D39CE0DD23ED327200D7C2A2 /* SearchVC.swift */; };
		D39CE0E023ED329B00D7C2A2 /* FavoriteListVC.swift in Sources */ = {isa = PBXBuildFile; fileRef = D39CE0DF23ED329B00D7C2A2 /* FavoriteListVC.swift */; };
		D3BCC6C123ED28BE00860A73 /* AppDelegate.swift in Sources */ = {isa = PBXBuildFile; fileRef = D3BCC6C023ED28BE00860A73 /* AppDelegate.swift */; };
		D3BCC6C323ED28BE00860A73 /* SceneDelegate.swift in Sources */ = {isa = PBXBuildFile; fileRef = D3BCC6C223ED28BE00860A73 /* SceneDelegate.swift */; };
		D3BCC6CA23ED28BF00860A73 /* Assets.xcassets in Resources */ = {isa = PBXBuildFile; fileRef = D3BCC6C923ED28BF00860A73 /* Assets.xcassets */; };
		D3BCC6CD23ED28BF00860A73 /* LaunchScreen.storyboard in Resources */ = {isa = PBXBuildFile; fileRef = D3BCC6CB23ED28BF00860A73 /* LaunchScreen.storyboard */; };
		D3CBEE2D23F05776002E4306 /* GFButton.swift in Sources */ = {isa = PBXBuildFile; fileRef = D3CBEE2C23F05776002E4306 /* GFButton.swift */; };
		D3CBEE2F23F05A77002E4306 /* GFTextField.swift in Sources */ = {isa = PBXBuildFile; fileRef = D3CBEE2E23F05A77002E4306 /* GFTextField.swift */; };
		D3CBEE3123F064D6002E4306 /* FollowerListVC.swift in Sources */ = {isa = PBXBuildFile; fileRef = D3CBEE3023F064D6002E4306 /* FollowerListVC.swift */; };
		D3CBEE3323F06DD8002E4306 /* GFTitleLabel.swift in Sources */ = {isa = PBXBuildFile; fileRef = D3CBEE3223F06DD8002E4306 /* GFTitleLabel.swift */; };
		D3CBEE3523F06FBC002E4306 /* GFBodyLabel.swift in Sources */ = {isa = PBXBuildFile; fileRef = D3CBEE3423F06FBC002E4306 /* GFBodyLabel.swift */; };
		D3CBEE3723F078D9002E4306 /* GFAlertVC.swift in Sources */ = {isa = PBXBuildFile; fileRef = D3CBEE3623F078D9002E4306 /* GFAlertVC.swift */; };
		D3CBEE3923F07F3B002E4306 /* UIViewController+Ext.swift in Sources */ = {isa = PBXBuildFile; fileRef = D3CBEE3823F07F3B002E4306 /* UIViewController+Ext.swift */; };
/* End PBXBuildFile section */

/* Begin PBXFileReference section */
		D3158FD223F301030063D73F /* UserInfoVC.swift */ = {isa = PBXFileReference; lastKnownFileType = sourcecode.swift; path = UserInfoVC.swift; sourceTree = "<group>"; };
		D35B6A6A23F09F8F004C42D4 /* Follower.swift */ = {isa = PBXFileReference; lastKnownFileType = sourcecode.swift; path = Follower.swift; sourceTree = "<group>"; };
		D35B6A6C23F0A0B0004C42D4 /* User.swift */ = {isa = PBXFileReference; lastKnownFileType = sourcecode.swift; path = User.swift; sourceTree = "<group>"; };
		D35B6A6F23F0A515004C42D4 /* NetworkManager.swift */ = {isa = PBXFileReference; lastKnownFileType = sourcecode.swift; path = NetworkManager.swift; sourceTree = "<group>"; };
		D35B6A7223F0ADE3004C42D4 /* GFError.swift */ = {isa = PBXFileReference; lastKnownFileType = sourcecode.swift; path = GFError.swift; sourceTree = "<group>"; };
		D35B6A7523F0B3A5004C42D4 /* FollowerCell.swift */ = {isa = PBXFileReference; lastKnownFileType = sourcecode.swift; path = FollowerCell.swift; sourceTree = "<group>"; };
		D35B6A7723F0B419004C42D4 /* GFAvatarImageView.swift */ = {isa = PBXFileReference; lastKnownFileType = sourcecode.swift; path = GFAvatarImageView.swift; sourceTree = "<group>"; };
		D35B6A7923F112F4004C42D4 /* UIHelper.swift */ = {isa = PBXFileReference; lastKnownFileType = sourcecode.swift; path = UIHelper.swift; sourceTree = "<group>"; };
		D35B6A8123F1B1A1004C42D4 /* GFEmptyStateView.swift */ = {isa = PBXFileReference; lastKnownFileType = sourcecode.swift; path = GFEmptyStateView.swift; sourceTree = "<group>"; };
		D38BF0E023F3B5EA006116A8 /* GFUserInfoHeaderVC.swift */ = {isa = PBXFileReference; lastKnownFileType = sourcecode.swift; path = GFUserInfoHeaderVC.swift; sourceTree = "<group>"; };
		D38BF0E223F3B648006116A8 /* GFSecondaryTitleLabel.swift */ = {isa = PBXFileReference; lastKnownFileType = sourcecode.swift; path = GFSecondaryTitleLabel.swift; sourceTree = "<group>"; };
		D38BF0E423F3BDA8006116A8 /* Constants.swift */ = {isa = PBXFileReference; lastKnownFileType = sourcecode.swift; path = Constants.swift; sourceTree = "<group>"; };
		D38BF0E623F450B8006116A8 /* GFItemInfoView.swift */ = {isa = PBXFileReference; lastKnownFileType = sourcecode.swift; path = GFItemInfoView.swift; sourceTree = "<group>"; };
		D39CE0DD23ED327200D7C2A2 /* SearchVC.swift */ = {isa = PBXFileReference; lastKnownFileType = sourcecode.swift; path = SearchVC.swift; sourceTree = "<group>"; };
		D39CE0DF23ED329B00D7C2A2 /* FavoriteListVC.swift */ = {isa = PBXFileReference; lastKnownFileType = sourcecode.swift; path = FavoriteListVC.swift; sourceTree = "<group>"; };
		D3BCC6BD23ED28BE00860A73 /* GHFollowers.app */ = {isa = PBXFileReference; explicitFileType = wrapper.application; includeInIndex = 0; path = GHFollowers.app; sourceTree = BUILT_PRODUCTS_DIR; };
		D3BCC6C023ED28BE00860A73 /* AppDelegate.swift */ = {isa = PBXFileReference; lastKnownFileType = sourcecode.swift; path = AppDelegate.swift; sourceTree = "<group>"; };
		D3BCC6C223ED28BE00860A73 /* SceneDelegate.swift */ = {isa = PBXFileReference; lastKnownFileType = sourcecode.swift; path = SceneDelegate.swift; sourceTree = "<group>"; };
		D3BCC6C923ED28BF00860A73 /* Assets.xcassets */ = {isa = PBXFileReference; lastKnownFileType = folder.assetcatalog; path = Assets.xcassets; sourceTree = "<group>"; };
		D3BCC6CC23ED28BF00860A73 /* Base */ = {isa = PBXFileReference; lastKnownFileType = file.storyboard; name = Base; path = Base.lproj/LaunchScreen.storyboard; sourceTree = "<group>"; };
		D3BCC6CE23ED28BF00860A73 /* Info.plist */ = {isa = PBXFileReference; lastKnownFileType = text.plist.xml; path = Info.plist; sourceTree = "<group>"; };
		D3CBEE2C23F05776002E4306 /* GFButton.swift */ = {isa = PBXFileReference; lastKnownFileType = sourcecode.swift; path = GFButton.swift; sourceTree = "<group>"; };
		D3CBEE2E23F05A77002E4306 /* GFTextField.swift */ = {isa = PBXFileReference; lastKnownFileType = sourcecode.swift; path = GFTextField.swift; sourceTree = "<group>"; };
		D3CBEE3023F064D6002E4306 /* FollowerListVC.swift */ = {isa = PBXFileReference; lastKnownFileType = sourcecode.swift; path = FollowerListVC.swift; sourceTree = "<group>"; };
		D3CBEE3223F06DD8002E4306 /* GFTitleLabel.swift */ = {isa = PBXFileReference; lastKnownFileType = sourcecode.swift; path = GFTitleLabel.swift; sourceTree = "<group>"; };
		D3CBEE3423F06FBC002E4306 /* GFBodyLabel.swift */ = {isa = PBXFileReference; lastKnownFileType = sourcecode.swift; path = GFBodyLabel.swift; sourceTree = "<group>"; };
		D3CBEE3623F078D9002E4306 /* GFAlertVC.swift */ = {isa = PBXFileReference; lastKnownFileType = sourcecode.swift; path = GFAlertVC.swift; sourceTree = "<group>"; };
		D3CBEE3823F07F3B002E4306 /* UIViewController+Ext.swift */ = {isa = PBXFileReference; lastKnownFileType = sourcecode.swift; path = "UIViewController+Ext.swift"; sourceTree = "<group>"; };
/* End PBXFileReference section */

/* Begin PBXFrameworksBuildPhase section */
		D3BCC6BA23ED28BE00860A73 /* Frameworks */ = {
			isa = PBXFrameworksBuildPhase;
			buildActionMask = 2147483647;
			files = (
			);
			runOnlyForDeploymentPostprocessing = 0;
		};
/* End PBXFrameworksBuildPhase section */

/* Begin PBXGroup section */
		D35B6A6923F09F81004C42D4 /* Model */ = {
			isa = PBXGroup;
			children = (
				D35B6A6A23F09F8F004C42D4 /* Follower.swift */,
				D35B6A6C23F0A0B0004C42D4 /* User.swift */,
			);
			path = Model;
			sourceTree = "<group>";
		};
		D35B6A6E23F0A502004C42D4 /* Managers */ = {
			isa = PBXGroup;
			children = (
				D35B6A6F23F0A515004C42D4 /* NetworkManager.swift */,
			);
			path = Managers;
			sourceTree = "<group>";
		};
		D35B6A7123F0ADD0004C42D4 /* Utilities */ = {
			isa = PBXGroup;
			children = (
				D35B6A7923F112F4004C42D4 /* UIHelper.swift */,
				D35B6A7223F0ADE3004C42D4 /* GFError.swift */,
				D38BF0E423F3BDA8006116A8 /* Constants.swift */,
			);
			path = Utilities;
			sourceTree = "<group>";
		};
		D35B6A7423F0B37E004C42D4 /* Cells */ = {
			isa = PBXGroup;
			children = (
				D35B6A7523F0B3A5004C42D4 /* FollowerCell.swift */,
			);
			path = Cells;
			sourceTree = "<group>";
		};
		D35B6A7B23F1B0F7004C42D4 /* Views */ = {
			isa = PBXGroup;
			children = (
				D35B6A8123F1B1A1004C42D4 /* GFEmptyStateView.swift */,
				D38BF0E623F450B8006116A8 /* GFItemInfoView.swift */,
			);
			path = Views;
			sourceTree = "<group>";
		};
		D35B6A7C23F1B100004C42D4 /* Buttons */ = {
			isa = PBXGroup;
			children = (
				D3CBEE2C23F05776002E4306 /* GFButton.swift */,
			);
			path = Buttons;
			sourceTree = "<group>";
		};
		D35B6A7D23F1B105004C42D4 /* TextFields */ = {
			isa = PBXGroup;
			children = (
				D3CBEE2E23F05A77002E4306 /* GFTextField.swift */,
			);
			path = TextFields;
			sourceTree = "<group>";
		};
		D35B6A7E23F1B10D004C42D4 /* ImageViews */ = {
			isa = PBXGroup;
			children = (
				D35B6A7723F0B419004C42D4 /* GFAvatarImageView.swift */,
			);
			path = ImageViews;
			sourceTree = "<group>";
		};
		D35B6A7F23F1B114004C42D4 /* ViewControllers */ = {
			isa = PBXGroup;
			children = (
				D3CBEE3623F078D9002E4306 /* GFAlertVC.swift */,
				D38BF0E023F3B5EA006116A8 /* GFUserInfoHeaderVC.swift */,
			);
			path = ViewControllers;
			sourceTree = "<group>";
		};
		D35B6A8023F1B12F004C42D4 /* Labels */ = {
			isa = PBXGroup;
			children = (
				D3CBEE3223F06DD8002E4306 /* GFTitleLabel.swift */,
				D3CBEE3423F06FBC002E4306 /* GFBodyLabel.swift */,
				D38BF0E223F3B648006116A8 /* GFSecondaryTitleLabel.swift */,
			);
			path = Labels;
			sourceTree = "<group>";
		};
		D3BCC6B423ED28BE00860A73 = {
			isa = PBXGroup;
			children = (
				D3BCC6BF23ED28BE00860A73 /* GHFollowers */,
				D3BCC6BE23ED28BE00860A73 /* Products */,
			);
			sourceTree = "<group>";
		};
		D3BCC6BE23ED28BE00860A73 /* Products */ = {
			isa = PBXGroup;
			children = (
				D3BCC6BD23ED28BE00860A73 /* GHFollowers.app */,
			);
			name = Products;
			sourceTree = "<group>";
		};
		D3BCC6BF23ED28BE00860A73 /* GHFollowers */ = {
			isa = PBXGroup;
			children = (
				D35B6A7123F0ADD0004C42D4 /* Utilities */,
				D35B6A6E23F0A502004C42D4 /* Managers */,
				D35B6A6923F09F81004C42D4 /* Model */,
				D3CBEE3C23F09649002E4306 /* Extensions */,
				D3CBEE3B23F0961B002E4306 /* Custom Views */,
				D3CBEE3A23F095E4002E4306 /* Screens */,
				D3CBEE3D23F096A8002E4306 /* Support */,
				D3BCC6CE23ED28BF00860A73 /* Info.plist */,
			);
			path = GHFollowers;
			sourceTree = "<group>";
		};
		D3CBEE3A23F095E4002E4306 /* Screens */ = {
			isa = PBXGroup;
			children = (
				D39CE0DD23ED327200D7C2A2 /* SearchVC.swift */,
				D3CBEE3023F064D6002E4306 /* FollowerListVC.swift */,
				D39CE0DF23ED329B00D7C2A2 /* FavoriteListVC.swift */,
				D3158FD223F301030063D73F /* UserInfoVC.swift */,
			);
			path = Screens;
			sourceTree = "<group>";
		};
		D3CBEE3B23F0961B002E4306 /* Custom Views */ = {
			isa = PBXGroup;
			children = (
				D35B6A8023F1B12F004C42D4 /* Labels */,
				D35B6A7F23F1B114004C42D4 /* ViewControllers */,
				D35B6A7E23F1B10D004C42D4 /* ImageViews */,
				D35B6A7D23F1B105004C42D4 /* TextFields */,
				D35B6A7C23F1B100004C42D4 /* Buttons */,
				D35B6A7B23F1B0F7004C42D4 /* Views */,
				D35B6A7423F0B37E004C42D4 /* Cells */,
			);
			path = "Custom Views";
			sourceTree = "<group>";
		};
		D3CBEE3C23F09649002E4306 /* Extensions */ = {
			isa = PBXGroup;
			children = (
				D3CBEE3823F07F3B002E4306 /* UIViewController+Ext.swift */,
			);
			path = Extensions;
			sourceTree = "<group>";
		};
		D3CBEE3D23F096A8002E4306 /* Support */ = {
			isa = PBXGroup;
			children = (
				D3BCC6C023ED28BE00860A73 /* AppDelegate.swift */,
				D3BCC6C223ED28BE00860A73 /* SceneDelegate.swift */,
				D3BCC6C923ED28BF00860A73 /* Assets.xcassets */,
				D3BCC6CB23ED28BF00860A73 /* LaunchScreen.storyboard */,
			);
			path = Support;
			sourceTree = "<group>";
		};
/* End PBXGroup section */

/* Begin PBXNativeTarget section */
		D3BCC6BC23ED28BE00860A73 /* GHFollowers */ = {
			isa = PBXNativeTarget;
			buildConfigurationList = D3BCC6D123ED28BF00860A73 /* Build configuration list for PBXNativeTarget "GHFollowers" */;
			buildPhases = (
				D3BCC6B923ED28BE00860A73 /* Sources */,
				D3BCC6BA23ED28BE00860A73 /* Frameworks */,
				D3BCC6BB23ED28BE00860A73 /* Resources */,
			);
			buildRules = (
			);
			dependencies = (
			);
			name = GHFollowers;
			productName = GHFollowers;
			productReference = D3BCC6BD23ED28BE00860A73 /* GHFollowers.app */;
			productType = "com.apple.product-type.application";
		};
/* End PBXNativeTarget section */

/* Begin PBXProject section */
		D3BCC6B523ED28BE00860A73 /* Project object */ = {
			isa = PBXProject;
			attributes = {
				LastSwiftUpdateCheck = 1130;
				LastUpgradeCheck = 1130;
				ORGANIZATIONNAME = "Jason Mitchell";
				TargetAttributes = {
					D3BCC6BC23ED28BE00860A73 = {
						CreatedOnToolsVersion = 11.3.1;
					};
				};
			};
			buildConfigurationList = D3BCC6B823ED28BE00860A73 /* Build configuration list for PBXProject "GHFollowers" */;
			compatibilityVersion = "Xcode 9.3";
			developmentRegion = en;
			hasScannedForEncodings = 0;
			knownRegions = (
				en,
				Base,
			);
			mainGroup = D3BCC6B423ED28BE00860A73;
			productRefGroup = D3BCC6BE23ED28BE00860A73 /* Products */;
			projectDirPath = "";
			projectRoot = "";
			targets = (
				D3BCC6BC23ED28BE00860A73 /* GHFollowers */,
			);
		};
/* End PBXProject section */

/* Begin PBXResourcesBuildPhase section */
		D3BCC6BB23ED28BE00860A73 /* Resources */ = {
			isa = PBXResourcesBuildPhase;
			buildActionMask = 2147483647;
			files = (
				D3BCC6CD23ED28BF00860A73 /* LaunchScreen.storyboard in Resources */,
				D3BCC6CA23ED28BF00860A73 /* Assets.xcassets in Resources */,
			);
			runOnlyForDeploymentPostprocessing = 0;
		};
/* End PBXResourcesBuildPhase section */

/* Begin PBXSourcesBuildPhase section */
		D3BCC6B923ED28BE00860A73 /* Sources */ = {
			isa = PBXSourcesBuildPhase;
			buildActionMask = 2147483647;
			files = (
				D35B6A6D23F0A0B0004C42D4 /* User.swift in Sources */,
				D3CBEE2F23F05A77002E4306 /* GFTextField.swift in Sources */,
				D39CE0E023ED329B00D7C2A2 /* FavoriteListVC.swift in Sources */,
				D3CBEE2D23F05776002E4306 /* GFButton.swift in Sources */,
				D3CBEE3923F07F3B002E4306 /* UIViewController+Ext.swift in Sources */,
				D35B6A7A23F112F4004C42D4 /* UIHelper.swift in Sources */,
				D38BF0E523F3BDA8006116A8 /* Constants.swift in Sources */,
				D35B6A7823F0B419004C42D4 /* GFAvatarImageView.swift in Sources */,
				D39CE0DE23ED327200D7C2A2 /* SearchVC.swift in Sources */,
				D3CBEE3723F078D9002E4306 /* GFAlertVC.swift in Sources */,
				D38BF0E723F450B8006116A8 /* GFItemInfoView.swift in Sources */,
				D35B6A7623F0B3A5004C42D4 /* FollowerCell.swift in Sources */,
				D35B6A7323F0ADE3004C42D4 /* GFError.swift in Sources */,
				D38BF0E123F3B5EA006116A8 /* GFUserInfoHeaderVC.swift in Sources */,
				D3CBEE3523F06FBC002E4306 /* GFBodyLabel.swift in Sources */,
				D35B6A6B23F09F8F004C42D4 /* Follower.swift in Sources */,
				D3CBEE3323F06DD8002E4306 /* GFTitleLabel.swift in Sources */,
				D38BF0E323F3B648006116A8 /* GFSecondaryTitleLabel.swift in Sources */,
				D35B6A8223F1B1A1004C42D4 /* GFEmptyStateView.swift in Sources */,
				D35B6A7023F0A515004C42D4 /* NetworkManager.swift in Sources */,
				D3CBEE3123F064D6002E4306 /* FollowerListVC.swift in Sources */,
				D3BCC6C123ED28BE00860A73 /* AppDelegate.swift in Sources */,
				D3BCC6C323ED28BE00860A73 /* SceneDelegate.swift in Sources */,
				D3158FD323F301030063D73F /* UserInfoVC.swift in Sources */,
			);
			runOnlyForDeploymentPostprocessing = 0;
		};
/* End PBXSourcesBuildPhase section */

/* Begin PBXVariantGroup section */
		D3BCC6CB23ED28BF00860A73 /* LaunchScreen.storyboard */ = {
			isa = PBXVariantGroup;
			children = (
				D3BCC6CC23ED28BF00860A73 /* Base */,
			);
			name = LaunchScreen.storyboard;
			sourceTree = "<group>";
		};
/* End PBXVariantGroup section */

/* Begin XCBuildConfiguration section */
		D3BCC6CF23ED28BF00860A73 /* Debug */ = {
			isa = XCBuildConfiguration;
			buildSettings = {
				ALWAYS_SEARCH_USER_PATHS = NO;
				CLANG_ANALYZER_NONNULL = YES;
				CLANG_ANALYZER_NUMBER_OBJECT_CONVERSION = YES_AGGRESSIVE;
				CLANG_CXX_LANGUAGE_STANDARD = "gnu++14";
				CLANG_CXX_LIBRARY = "libc++";
				CLANG_ENABLE_MODULES = YES;
				CLANG_ENABLE_OBJC_ARC = YES;
				CLANG_ENABLE_OBJC_WEAK = YES;
				CLANG_WARN_BLOCK_CAPTURE_AUTORELEASING = YES;
				CLANG_WARN_BOOL_CONVERSION = YES;
				CLANG_WARN_COMMA = YES;
				CLANG_WARN_CONSTANT_CONVERSION = YES;
				CLANG_WARN_DEPRECATED_OBJC_IMPLEMENTATIONS = YES;
				CLANG_WARN_DIRECT_OBJC_ISA_USAGE = YES_ERROR;
				CLANG_WARN_DOCUMENTATION_COMMENTS = YES;
				CLANG_WARN_EMPTY_BODY = YES;
				CLANG_WARN_ENUM_CONVERSION = YES;
				CLANG_WARN_INFINITE_RECURSION = YES;
				CLANG_WARN_INT_CONVERSION = YES;
				CLANG_WARN_NON_LITERAL_NULL_CONVERSION = YES;
				CLANG_WARN_OBJC_IMPLICIT_RETAIN_SELF = YES;
				CLANG_WARN_OBJC_LITERAL_CONVERSION = YES;
				CLANG_WARN_OBJC_ROOT_CLASS = YES_ERROR;
				CLANG_WARN_RANGE_LOOP_ANALYSIS = YES;
				CLANG_WARN_STRICT_PROTOTYPES = YES;
				CLANG_WARN_SUSPICIOUS_MOVE = YES;
				CLANG_WARN_UNGUARDED_AVAILABILITY = YES_AGGRESSIVE;
				CLANG_WARN_UNREACHABLE_CODE = YES;
				CLANG_WARN__DUPLICATE_METHOD_MATCH = YES;
				COPY_PHASE_STRIP = NO;
				DEBUG_INFORMATION_FORMAT = dwarf;
				ENABLE_STRICT_OBJC_MSGSEND = YES;
				ENABLE_TESTABILITY = YES;
				GCC_C_LANGUAGE_STANDARD = gnu11;
				GCC_DYNAMIC_NO_PIC = NO;
				GCC_NO_COMMON_BLOCKS = YES;
				GCC_OPTIMIZATION_LEVEL = 0;
				GCC_PREPROCESSOR_DEFINITIONS = (
					"DEBUG=1",
					"$(inherited)",
				);
				GCC_WARN_64_TO_32_BIT_CONVERSION = YES;
				GCC_WARN_ABOUT_RETURN_TYPE = YES_ERROR;
				GCC_WARN_UNDECLARED_SELECTOR = YES;
				GCC_WARN_UNINITIALIZED_AUTOS = YES_AGGRESSIVE;
				GCC_WARN_UNUSED_FUNCTION = YES;
				GCC_WARN_UNUSED_VARIABLE = YES;
				IPHONEOS_DEPLOYMENT_TARGET = 13.2;
				MTL_ENABLE_DEBUG_INFO = INCLUDE_SOURCE;
				MTL_FAST_MATH = YES;
				ONLY_ACTIVE_ARCH = YES;
				SDKROOT = iphoneos;
				SWIFT_ACTIVE_COMPILATION_CONDITIONS = DEBUG;
				SWIFT_OPTIMIZATION_LEVEL = "-Onone";
			};
			name = Debug;
		};
		D3BCC6D023ED28BF00860A73 /* Release */ = {
			isa = XCBuildConfiguration;
			buildSettings = {
				ALWAYS_SEARCH_USER_PATHS = NO;
				CLANG_ANALYZER_NONNULL = YES;
				CLANG_ANALYZER_NUMBER_OBJECT_CONVERSION = YES_AGGRESSIVE;
				CLANG_CXX_LANGUAGE_STANDARD = "gnu++14";
				CLANG_CXX_LIBRARY = "libc++";
				CLANG_ENABLE_MODULES = YES;
				CLANG_ENABLE_OBJC_ARC = YES;
				CLANG_ENABLE_OBJC_WEAK = YES;
				CLANG_WARN_BLOCK_CAPTURE_AUTORELEASING = YES;
				CLANG_WARN_BOOL_CONVERSION = YES;
				CLANG_WARN_COMMA = YES;
				CLANG_WARN_CONSTANT_CONVERSION = YES;
				CLANG_WARN_DEPRECATED_OBJC_IMPLEMENTATIONS = YES;
				CLANG_WARN_DIRECT_OBJC_ISA_USAGE = YES_ERROR;
				CLANG_WARN_DOCUMENTATION_COMMENTS = YES;
				CLANG_WARN_EMPTY_BODY = YES;
				CLANG_WARN_ENUM_CONVERSION = YES;
				CLANG_WARN_INFINITE_RECURSION = YES;
				CLANG_WARN_INT_CONVERSION = YES;
				CLANG_WARN_NON_LITERAL_NULL_CONVERSION = YES;
				CLANG_WARN_OBJC_IMPLICIT_RETAIN_SELF = YES;
				CLANG_WARN_OBJC_LITERAL_CONVERSION = YES;
				CLANG_WARN_OBJC_ROOT_CLASS = YES_ERROR;
				CLANG_WARN_RANGE_LOOP_ANALYSIS = YES;
				CLANG_WARN_STRICT_PROTOTYPES = YES;
				CLANG_WARN_SUSPICIOUS_MOVE = YES;
				CLANG_WARN_UNGUARDED_AVAILABILITY = YES_AGGRESSIVE;
				CLANG_WARN_UNREACHABLE_CODE = YES;
				CLANG_WARN__DUPLICATE_METHOD_MATCH = YES;
				COPY_PHASE_STRIP = NO;
				DEBUG_INFORMATION_FORMAT = "dwarf-with-dsym";
				ENABLE_NS_ASSERTIONS = NO;
				ENABLE_STRICT_OBJC_MSGSEND = YES;
				GCC_C_LANGUAGE_STANDARD = gnu11;
				GCC_NO_COMMON_BLOCKS = YES;
				GCC_WARN_64_TO_32_BIT_CONVERSION = YES;
				GCC_WARN_ABOUT_RETURN_TYPE = YES_ERROR;
				GCC_WARN_UNDECLARED_SELECTOR = YES;
				GCC_WARN_UNINITIALIZED_AUTOS = YES_AGGRESSIVE;
				GCC_WARN_UNUSED_FUNCTION = YES;
				GCC_WARN_UNUSED_VARIABLE = YES;
				IPHONEOS_DEPLOYMENT_TARGET = 13.2;
				MTL_ENABLE_DEBUG_INFO = NO;
				MTL_FAST_MATH = YES;
				SDKROOT = iphoneos;
				SWIFT_COMPILATION_MODE = wholemodule;
				SWIFT_OPTIMIZATION_LEVEL = "-O";
				VALIDATE_PRODUCT = YES;
			};
			name = Release;
		};
		D3BCC6D223ED28BF00860A73 /* Debug */ = {
			isa = XCBuildConfiguration;
			buildSettings = {
				ASSETCATALOG_COMPILER_APPICON_NAME = AppIcon;
				CODE_SIGN_STYLE = Automatic;
				DEVELOPMENT_TEAM = FT544A278F;
				INFOPLIST_FILE = GHFollowers/Info.plist;
				LD_RUNPATH_SEARCH_PATHS = (
					"$(inherited)",
					"@executable_path/Frameworks",
				);
				PRODUCT_BUNDLE_IDENTIFIER = com.devjm.GHFollowers;
				PRODUCT_NAME = "$(TARGET_NAME)";
				SWIFT_VERSION = 5.0;
				TARGETED_DEVICE_FAMILY = 1;
			};
			name = Debug;
		};
		D3BCC6D323ED28BF00860A73 /* Release */ = {
			isa = XCBuildConfiguration;
			buildSettings = {
				ASSETCATALOG_COMPILER_APPICON_NAME = AppIcon;
				CODE_SIGN_STYLE = Automatic;
				DEVELOPMENT_TEAM = FT544A278F;
				INFOPLIST_FILE = GHFollowers/Info.plist;
				LD_RUNPATH_SEARCH_PATHS = (
					"$(inherited)",
					"@executable_path/Frameworks",
				);
				PRODUCT_BUNDLE_IDENTIFIER = com.devjm.GHFollowers;
				PRODUCT_NAME = "$(TARGET_NAME)";
				SWIFT_VERSION = 5.0;
				TARGETED_DEVICE_FAMILY = 1;
			};
			name = Release;
		};
/* End XCBuildConfiguration section */

/* Begin XCConfigurationList section */
		D3BCC6B823ED28BE00860A73 /* Build configuration list for PBXProject "GHFollowers" */ = {
			isa = XCConfigurationList;
			buildConfigurations = (
				D3BCC6CF23ED28BF00860A73 /* Debug */,
				D3BCC6D023ED28BF00860A73 /* Release */,
			);
			defaultConfigurationIsVisible = 0;
			defaultConfigurationName = Release;
		};
		D3BCC6D123ED28BF00860A73 /* Build configuration list for PBXNativeTarget "GHFollowers" */ = {
			isa = XCConfigurationList;
			buildConfigurations = (
				D3BCC6D223ED28BF00860A73 /* Debug */,
				D3BCC6D323ED28BF00860A73 /* Release */,
			);
			defaultConfigurationIsVisible = 0;
			defaultConfigurationName = Release;
		};
/* End XCConfigurationList section */
	};
	rootObject = D3BCC6B523ED28BE00860A73 /* Project object */;
}
